
Microsoft Visual Studio Solution File, Format Version 12.00
# Visual Studio Version 16
VisualStudioVersion = 16.0.30621.155
MinimumVisualStudioVersion = 10.0.40219.1
Project("{FAE04EC0-301F-11D3-BF4B-00C04F79EFBC}") = "AppChoferes.Android", "AppChoferes.Android\AppChoferes.Android.csproj", "{0AE92134-78B7-4025-B01C-BD746BD344A6}"
EndProject
Project("{FAE04EC0-301F-11D3-BF4B-00C04F79EFBC}") = "AppChoferes.iOS", "AppChoferes.iOS\AppChoferes.iOS.csproj", "{711FA145-5E1B-46F6-9102-C386F5FB6ED4}"
EndProject
Project("{FAE04EC0-301F-11D3-BF4B-00C04F79EFBC}") = "AppChoferes", "AppChoferes\AppChoferes.csproj", "{BAD74D78-51E0-44BF-AB73-EAADC0F0D574}"
EndProject
Global
	GlobalSection(SolutionConfigurationPlatforms) = preSolution
		Debug|Any CPU = Debug|Any CPU
		Debug|iPhone = Debug|iPhone
		Debug|iPhoneSimulator = Debug|iPhoneSimulator
		Release|Any CPU = Release|Any CPU
		Release|iPhone = Release|iPhone
		Release|iPhoneSimulator = Release|iPhoneSimulator
	EndGlobalSection
	GlobalSection(ProjectConfigurationPlatforms) = postSolution
		{0AE92134-78B7-4025-B01C-BD746BD344A6}.Debug|Any CPU.ActiveCfg = Debug|Any CPU
		{0AE92134-78B7-4025-B01C-BD746BD344A6}.Debug|Any CPU.Build.0 = Debug|Any CPU
		{0AE92134-78B7-4025-B01C-BD746BD344A6}.Debug|Any CPU.Deploy.0 = Debug|Any CPU
		{0AE92134-78B7-4025-B01C-BD746BD344A6}.Debug|iPhone.ActiveCfg = Debug|Any CPU
		{0AE92134-78B7-4025-B01C-BD746BD344A6}.Debug|iPhone.Build.0 = Debug|Any CPU
		{0AE92134-78B7-4025-B01C-BD746BD344A6}.Debug|iPhone.Deploy.0 = Debug|Any CPU
		{0AE92134-78B7-4025-B01C-BD746BD344A6}.Debug|iPhoneSimulator.ActiveCfg = Debug|Any CPU
		{0AE92134-78B7-4025-B01C-BD746BD344A6}.Debug|iPhoneSimulator.Build.0 = Debug|Any CPU
		{0AE92134-78B7-4025-B01C-BD746BD344A6}.Debug|iPhoneSimulator.Deploy.0 = Debug|Any CPU
		{0AE92134-78B7-4025-B01C-BD746BD344A6}.Release|Any CPU.ActiveCfg = Release|Any CPU
		{0AE92134-78B7-4025-B01C-BD746BD344A6}.Release|Any CPU.Build.0 = Release|Any CPU
		{0AE92134-78B7-4025-B01C-BD746BD344A6}.Release|Any CPU.Deploy.0 = Release|Any CPU
		{0AE92134-78B7-4025-B01C-BD746BD344A6}.Release|iPhone.ActiveCfg = Release|Any CPU
		{0AE92134-78B7-4025-B01C-BD746BD344A6}.Release|iPhone.Build.0 = Release|Any CPU
		{0AE92134-78B7-4025-B01C-BD746BD344A6}.Release|iPhone.Deploy.0 = Release|Any CPU
		{0AE92134-78B7-4025-B01C-BD746BD344A6}.Release|iPhoneSimulator.ActiveCfg = Release|Any CPU
		{0AE92134-78B7-4025-B01C-BD746BD344A6}.Release|iPhoneSimulator.Build.0 = Release|Any CPU
		{0AE92134-78B7-4025-B01C-BD746BD344A6}.Release|iPhoneSimulator.Deploy.0 = Release|Any CPU
		{711FA145-5E1B-46F6-9102-C386F5FB6ED4}.Debug|Any CPU.ActiveCfg = Debug|iPhone
		{711FA145-5E1B-46F6-9102-C386F5FB6ED4}.Debug|Any CPU.Build.0 = Debug|iPhone
		{711FA145-5E1B-46F6-9102-C386F5FB6ED4}.Debug|Any CPU.Deploy.0 = Debug|iPhone
		{711FA145-5E1B-46F6-9102-C386F5FB6ED4}.Debug|iPhone.ActiveCfg = Debug|iPhone
		{711FA145-5E1B-46F6-9102-C386F5FB6ED4}.Debug|iPhone.Build.0 = Debug|iPhone
		{711FA145-5E1B-46F6-9102-C386F5FB6ED4}.Debug|iPhone.Deploy.0 = Debug|iPhone
		{711FA145-5E1B-46F6-9102-C386F5FB6ED4}.Debug|iPhoneSimulator.ActiveCfg = Debug|iPhoneSimulator
		{711FA145-5E1B-46F6-9102-C386F5FB6ED4}.Debug|iPhoneSimulator.Build.0 = Debug|iPhoneSimulator
		{711FA145-5E1B-46F6-9102-C386F5FB6ED4}.Debug|iPhoneSimulator.Deploy.0 = Debug|iPhoneSimulator
		{711FA145-5E1B-46F6-9102-C386F5FB6ED4}.Release|Any CPU.ActiveCfg = Release|iPhoneSimulator
		{711FA145-5E1B-46F6-9102-C386F5FB6ED4}.Release|Any CPU.Build.0 = Release|iPhoneSimulator
		{711FA145-5E1B-46F6-9102-C386F5FB6ED4}.Release|Any CPU.Deploy.0 = Release|iPhoneSimulator
		{711FA145-5E1B-46F6-9102-C386F5FB6ED4}.Release|iPhone.ActiveCfg = Release|iPhone
		{711FA145-5E1B-46F6-9102-C386F5FB6ED4}.Release|iPhone.Build.0 = Release|iPhone
		{711FA145-5E1B-46F6-9102-C386F5FB6ED4}.Release|iPhone.Deploy.0 = Release|iPhone
		{711FA145-5E1B-46F6-9102-C386F5FB6ED4}.Release|iPhoneSimulator.ActiveCfg = Release|iPhoneSimulator
		{711FA145-5E1B-46F6-9102-C386F5FB6ED4}.Release|iPhoneSimulator.Build.0 = Release|iPhoneSimulator
		{711FA145-5E1B-46F6-9102-C386F5FB6ED4}.Release|iPhoneSimulator.Deploy.0 = Release|iPhoneSimulator
		{BAD74D78-51E0-44BF-AB73-EAADC0F0D574}.Debug|Any CPU.ActiveCfg = Debug|Any CPU
		{BAD74D78-51E0-44BF-AB73-EAADC0F0D574}.Debug|Any CPU.Build.0 = Debug|Any CPU
		{BAD74D78-51E0-44BF-AB73-EAADC0F0D574}.Debug|Any CPU.Deploy.0 = Debug|Any CPU
		{BAD74D78-51E0-44BF-AB73-EAADC0F0D574}.Debug|iPhone.ActiveCfg = Debug|Any CPU
		{BAD74D78-51E0-44BF-AB73-EAADC0F0D574}.Debug|iPhone.Build.0 = Debug|Any CPU
		{BAD74D78-51E0-44BF-AB73-EAADC0F0D574}.Debug|iPhone.Deploy.0 = Debug|Any CPU
		{BAD74D78-51E0-44BF-AB73-EAADC0F0D574}.Debug|iPhoneSimulator.ActiveCfg = Debug|Any CPU
		{BAD74D78-51E0-44BF-AB73-EAADC0F0D574}.Debug|iPhoneSimulator.Build.0 = Debug|Any CPU
		{BAD74D78-51E0-44BF-AB73-EAADC0F0D574}.Debug|iPhoneSimulator.Deploy.0 = Debug|Any CPU
		{BAD74D78-51E0-44BF-AB73-EAADC0F0D574}.Release|Any CPU.ActiveCfg = Release|Any CPU
		{BAD74D78-51E0-44BF-AB73-EAADC0F0D574}.Release|Any CPU.Build.0 = Release|Any CPU
		{BAD74D78-51E0-44BF-AB73-EAADC0F0D574}.Release|Any CPU.Deploy.0 = Release|Any CPU
		{BAD74D78-51E0-44BF-AB73-EAADC0F0D574}.Release|iPhone.ActiveCfg = Release|Any CPU
		{BAD74D78-51E0-44BF-AB73-EAADC0F0D574}.Release|iPhone.Build.0 = Release|Any CPU
		{BAD74D78-51E0-44BF-AB73-EAADC0F0D574}.Release|iPhone.Deploy.0 = Release|Any CPU
		{BAD74D78-51E0-44BF-AB73-EAADC0F0D574}.Release|iPhoneSimulator.ActiveCfg = Release|Any CPU
		{BAD74D78-51E0-44BF-AB73-EAADC0F0D574}.Release|iPhoneSimulator.Build.0 = Release|Any CPU
		{BAD74D78-51E0-44BF-AB73-EAADC0F0D574}.Release|iPhoneSimulator.Deploy.0 = Release|Any CPU
	EndGlobalSection
	GlobalSection(SolutionProperties) = preSolution
		HideSolutionNode = FALSE
	EndGlobalSection
	GlobalSection(ExtensibilityGlobals) = postSolution
		SolutionGuid = {CC270D2F-882F-4688-A2AA-842D15AEB6C0}
	EndGlobalSection
EndGlobal
